github.com/gammazero/deque v1.0.0 h1:LTmimT8H7bXkkCy6gZX7zNLtkbz4NdS2z8LZuor3j34=
github.com/gammazero/deque v1.0.0/go.mod h1:iflpYvtGfM3U8S8j+sZEKIak3SAKYpA5/SQewgfXDKo=
github.com/jackpal/bencode-go v1.0.2 h1:LcCNfZ344u0LpBPOZNjpCLps/wUOuN4r87Fy9+5yU8g=
github.com/jackpal/bencode-go v1.0.2/go.mod h1:6jI9mUjO3GQbZti3JizEfxTzRfWOM8oBBcwbwlTfceI=
